schema: '2.0'
stages:
  prepare:
    cmd: echo "Verificando que los datos existen..."
    deps:
    - path: data/iris_dataset.csv
      hash: md5
      md5: 4d301abed5efe50eccda350cde38e0eb
      size: 2777
  train:
    cmd: python3 train.py --n_estimators 200
    deps:
    - path: data/iris_dataset.csv
      hash: md5
      md5: 4d301abed5efe50eccda350cde38e0eb
      size: 2777
    - path: requirements.txt
      hash: md5
      md5: 1afa1f00f8f89787d95ec2f8f365861a
      size: 115
    - path: train.py
      hash: md5
      md5: 030eb5038624a0c32c640c9496bf40f4
      size: 2899
    params:
      params.yaml:
        train.n_estimators: 200
    outs:
    - path: confusion_matrix.png
      hash: md5
      md5: b8f8565951e6d0b27c348fb298f5f86f
      size: 19394
    - path: mlflow_metrics.json
      hash: md5
      md5: 9a0379eaa11dd7b9e9995a62a5f21656
      size: 17
    - path: model.pkl
      hash: md5
      md5: 8783e13f8ff28153ac76398b11050a0c
      size: 370097
